
Microsoft Visual Studio Solution File, Format Version 12.00
# Visual Studio Version 17
VisualStudioVersion = 17.14.36327.8 d17.14
MinimumVisualStudioVersion = 10.0.40219.1
Project("{FAE04EC0-301F-11D3-BF4B-00C04F79EFBC}") = "ConsoleApp3", "ConsoleApp3\ConsoleApp3.csproj", "{BAD5FF68-2421-410C-AD68-2B9D548A4722}"
EndProject
Global
	GlobalSection(SolutionConfigurationPlatforms) = preSolution
		Debug|Any CPU = Debug|Any CPU
		Release|Any CPU = Release|Any CPU
	EndGlobalSection
	GlobalSection(ProjectConfigurationPlatforms) = postSolution
		{BAD5FF68-2421-410C-AD68-2B9D548A4722}.Debug|Any CPU.ActiveCfg = Debug|Any CPU
		{BAD5FF68-2421-410C-AD68-2B9D548A4722}.Debug|Any CPU.Build.0 = Debug|Any CPU
		{BAD5FF68-2421-410C-AD68-2B9D548A4722}.Release|Any CPU.ActiveCfg = Release|Any CPU
		{BAD5FF68-2421-410C-AD68-2B9D548A4722}.Release|Any CPU.Build.0 = Release|Any CPU
	EndGlobalSection
	GlobalSection(SolutionProperties) = preSolution
		HideSolutionNode = FALSE
	EndGlobalSection
	GlobalSection(ExtensibilityGlobals) = postSolution
		SolutionGuid = {7F863667-61D7-4C0B-9CC9-2D0C6983D0F9}
	EndGlobalSection
EndGlobal
