
Microsoft Visual Studio Solution File, Format Version 12.00
# Visual Studio Version 17
VisualStudioVersion = 17.14.36327.8 d17.14
MinimumVisualStudioVersion = 10.0.40219.1
Project("{FAE04EC0-301F-11D3-BF4B-00C04F79EFBC}") = "ConsoleApp4", "ConsoleApp4\ConsoleApp4.csproj", "{D818CAE6-D223-49A9-93EE-819ACF69BBBD}"
EndProject
Global
	GlobalSection(SolutionConfigurationPlatforms) = preSolution
		Debug|Any CPU = Debug|Any CPU
		Release|Any CPU = Release|Any CPU
	EndGlobalSection
	GlobalSection(ProjectConfigurationPlatforms) = postSolution
		{D818CAE6-D223-49A9-93EE-819ACF69BBBD}.Debug|Any CPU.ActiveCfg = Debug|Any CPU
		{D818CAE6-D223-49A9-93EE-819ACF69BBBD}.Debug|Any CPU.Build.0 = Debug|Any CPU
		{D818CAE6-D223-49A9-93EE-819ACF69BBBD}.Release|Any CPU.ActiveCfg = Release|Any CPU
		{D818CAE6-D223-49A9-93EE-819ACF69BBBD}.Release|Any CPU.Build.0 = Release|Any CPU
	EndGlobalSection
	GlobalSection(SolutionProperties) = preSolution
		HideSolutionNode = FALSE
	EndGlobalSection
	GlobalSection(ExtensibilityGlobals) = postSolution
		SolutionGuid = {B7759CB7-CDC4-449E-AC1D-2C37442EF3D0}
	EndGlobalSection
EndGlobal
